
Microsoft Visual Studio Solution File, Format Version 12.00
Project("{FAE04EC0-301F-11D3-BF4B-00C04F79EFBC}") = "q1", "q1\q1.csproj", "{0E1F19DB-D187-4AF1-AE37-7E4D3526B8E2}"
EndProject
Project("{FAE04EC0-301F-11D3-BF4B-00C04F79EFBC}") = "q2", "q2\q2.csproj", "{39C0B875-5E04-49E2-9DA8-B36CC87FAC9D}"
EndProject
Project("{FAE04EC0-301F-11D3-BF4B-00C04F79EFBC}") = "q3", "q3\q3.csproj", "{F55F11A3-846D-444C-8DF0-D17BD9C87D60}"
EndProject
Project("{FAE04EC0-301F-11D3-BF4B-00C04F79EFBC}") = "q4", "q4\q4.csproj", "{EC84229F-3DFE-463E-9103-A7D621FA38A1}"
EndProject
Project("{FAE04EC0-301F-11D3-BF4B-00C04F79EFBC}") = "q5", "q5\q5.csproj", "{F4EDD519-7A16-4EE5-9687-0B2C4A4E4674}"
EndProject
Global
	GlobalSection(SolutionConfigurationPlatforms) = preSolution
		Debug|Any CPU = Debug|Any CPU
		Release|Any CPU = Release|Any CPU
	EndGlobalSection
	GlobalSection(ProjectConfigurationPlatforms) = postSolution
		{0E1F19DB-D187-4AF1-AE37-7E4D3526B8E2}.Debug|Any CPU.ActiveCfg = Debug|Any CPU
		{0E1F19DB-D187-4AF1-AE37-7E4D3526B8E2}.Debug|Any CPU.Build.0 = Debug|Any CPU
		{0E1F19DB-D187-4AF1-AE37-7E4D3526B8E2}.Release|Any CPU.ActiveCfg = Release|Any CPU
		{0E1F19DB-D187-4AF1-AE37-7E4D3526B8E2}.Release|Any CPU.Build.0 = Release|Any CPU
		{39C0B875-5E04-49E2-9DA8-B36CC87FAC9D}.Debug|Any CPU.ActiveCfg = Debug|Any CPU
		{39C0B875-5E04-49E2-9DA8-B36CC87FAC9D}.Debug|Any CPU.Build.0 = Debug|Any CPU
		{39C0B875-5E04-49E2-9DA8-B36CC87FAC9D}.Release|Any CPU.ActiveCfg = Release|Any CPU
		{39C0B875-5E04-49E2-9DA8-B36CC87FAC9D}.Release|Any CPU.Build.0 = Release|Any CPU
		{F55F11A3-846D-444C-8DF0-D17BD9C87D60}.Debug|Any CPU.ActiveCfg = Debug|Any CPU
		{F55F11A3-846D-444C-8DF0-D17BD9C87D60}.Debug|Any CPU.Build.0 = Debug|Any CPU
		{F55F11A3-846D-444C-8DF0-D17BD9C87D60}.Release|Any CPU.ActiveCfg = Release|Any CPU
		{F55F11A3-846D-444C-8DF0-D17BD9C87D60}.Release|Any CPU.Build.0 = Release|Any CPU
		{EC84229F-3DFE-463E-9103-A7D621FA38A1}.Debug|Any CPU.ActiveCfg = Debug|Any CPU
		{EC84229F-3DFE-463E-9103-A7D621FA38A1}.Debug|Any CPU.Build.0 = Debug|Any CPU
		{EC84229F-3DFE-463E-9103-A7D621FA38A1}.Release|Any CPU.ActiveCfg = Release|Any CPU
		{EC84229F-3DFE-463E-9103-A7D621FA38A1}.Release|Any CPU.Build.0 = Release|Any CPU
		{F4EDD519-7A16-4EE5-9687-0B2C4A4E4674}.Debug|Any CPU.ActiveCfg = Debug|Any CPU
		{F4EDD519-7A16-4EE5-9687-0B2C4A4E4674}.Debug|Any CPU.Build.0 = Debug|Any CPU
		{F4EDD519-7A16-4EE5-9687-0B2C4A4E4674}.Release|Any CPU.ActiveCfg = Release|Any CPU
		{F4EDD519-7A16-4EE5-9687-0B2C4A4E4674}.Release|Any CPU.Build.0 = Release|Any CPU
	EndGlobalSection
EndGlobal
