
Microsoft Visual Studio Solution File, Format Version 12.00
Project("{FAE04EC0-301F-11D3-BF4B-00C04F79EFBC}") = "q1", "q1\q1.csproj", "{0E1F19DB-D187-4AF1-AE37-7E4D3526B8E2}"
EndProject
Global
	GlobalSection(SolutionConfigurationPlatforms) = preSolution
		Debug|Any CPU = Debug|Any CPU
		Release|Any CPU = Release|Any CPU
	EndGlobalSection
	GlobalSection(ProjectConfigurationPlatforms) = postSolution
		{0E1F19DB-D187-4AF1-AE37-7E4D3526B8E2}.Debug|Any CPU.ActiveCfg = Debug|Any CPU
		{0E1F19DB-D187-4AF1-AE37-7E4D3526B8E2}.Debug|Any CPU.Build.0 = Debug|Any CPU
		{0E1F19DB-D187-4AF1-AE37-7E4D3526B8E2}.Release|Any CPU.ActiveCfg = Release|Any CPU
		{0E1F19DB-D187-4AF1-AE37-7E4D3526B8E2}.Release|Any CPU.Build.0 = Release|Any CPU
	EndGlobalSection
EndGlobal
