
Microsoft Visual Studio Solution File, Format Version 12.00
Project("{FAE04EC0-301F-11D3-BF4B-00C04F79EFBC}") = "q1", "q1\q1.csproj", "{0E1F19DB-D187-4AF1-AE37-7E4D3526B8E2}"
EndProject
Project("{FAE04EC0-301F-11D3-BF4B-00C04F79EFBC}") = "q2", "q2\q2.csproj", "{39C0B875-5E04-49E2-9DA8-B36CC87FAC9D}"
EndProject
Project("{FAE04EC0-301F-11D3-BF4B-00C04F79EFBC}") = "q3", "q3\q3.csproj", "{F55F11A3-846D-444C-8DF0-D17BD9C87D60}"
EndProject
Project("{FAE04EC0-301F-11D3-BF4B-00C04F79EFBC}") = "q4", "q4\q4.csproj", "{EC84229F-3DFE-463E-9103-A7D621FA38A1}"
EndProject
Project("{FAE04EC0-301F-11D3-BF4B-00C04F79EFBC}") = "q5", "q5\q5.csproj", "{F4EDD519-7A16-4EE5-9687-0B2C4A4E4674}"
EndProject
Project("{FAE04EC0-301F-11D3-BF4B-00C04F79EFBC}") = "q6", "q6\q6.csproj", "{84A99056-F8DD-433F-98D8-CEB7A46E6B8E}"
EndProject
Project("{FAE04EC0-301F-11D3-BF4B-00C04F79EFBC}") = "q7", "q7\q7.csproj", "{59EDA4E2-7951-46DB-BBFD-19DB5EF94717}"
EndProject
Project("{FAE04EC0-301F-11D3-BF4B-00C04F79EFBC}") = "q8", "q8\q8.csproj", "{7EB9E534-A952-45C5-BEE7-F07FFC76A7D6}"
EndProject
Project("{FAE04EC0-301F-11D3-BF4B-00C04F79EFBC}") = "q10", "q10\q10.csproj", "{91FB442F-31DF-4776-9359-618A5246DA47}"
EndProject
Project("{FAE04EC0-301F-11D3-BF4B-00C04F79EFBC}") = "q9", "q9\q9.csproj", "{D9804698-B051-44D4-B5C6-850AD059CF3B}"
EndProject
Project("{FAE04EC0-301F-11D3-BF4B-00C04F79EFBC}") = "q11", "q11\q11.csproj", "{2F289FDD-48EE-47C2-B876-91968BE92755}"
EndProject
Global
	GlobalSection(SolutionConfigurationPlatforms) = preSolution
		Debug|Any CPU = Debug|Any CPU
		Release|Any CPU = Release|Any CPU
	EndGlobalSection
	GlobalSection(ProjectConfigurationPlatforms) = postSolution
		{0E1F19DB-D187-4AF1-AE37-7E4D3526B8E2}.Debug|Any CPU.ActiveCfg = Debug|Any CPU
		{0E1F19DB-D187-4AF1-AE37-7E4D3526B8E2}.Debug|Any CPU.Build.0 = Debug|Any CPU
		{0E1F19DB-D187-4AF1-AE37-7E4D3526B8E2}.Release|Any CPU.ActiveCfg = Release|Any CPU
		{0E1F19DB-D187-4AF1-AE37-7E4D3526B8E2}.Release|Any CPU.Build.0 = Release|Any CPU
		{39C0B875-5E04-49E2-9DA8-B36CC87FAC9D}.Debug|Any CPU.ActiveCfg = Debug|Any CPU
		{39C0B875-5E04-49E2-9DA8-B36CC87FAC9D}.Debug|Any CPU.Build.0 = Debug|Any CPU
		{39C0B875-5E04-49E2-9DA8-B36CC87FAC9D}.Release|Any CPU.ActiveCfg = Release|Any CPU
		{39C0B875-5E04-49E2-9DA8-B36CC87FAC9D}.Release|Any CPU.Build.0 = Release|Any CPU
		{F55F11A3-846D-444C-8DF0-D17BD9C87D60}.Debug|Any CPU.ActiveCfg = Debug|Any CPU
		{F55F11A3-846D-444C-8DF0-D17BD9C87D60}.Debug|Any CPU.Build.0 = Debug|Any CPU
		{F55F11A3-846D-444C-8DF0-D17BD9C87D60}.Release|Any CPU.ActiveCfg = Release|Any CPU
		{F55F11A3-846D-444C-8DF0-D17BD9C87D60}.Release|Any CPU.Build.0 = Release|Any CPU
		{EC84229F-3DFE-463E-9103-A7D621FA38A1}.Debug|Any CPU.ActiveCfg = Debug|Any CPU
		{EC84229F-3DFE-463E-9103-A7D621FA38A1}.Debug|Any CPU.Build.0 = Debug|Any CPU
		{EC84229F-3DFE-463E-9103-A7D621FA38A1}.Release|Any CPU.ActiveCfg = Release|Any CPU
		{EC84229F-3DFE-463E-9103-A7D621FA38A1}.Release|Any CPU.Build.0 = Release|Any CPU
		{F4EDD519-7A16-4EE5-9687-0B2C4A4E4674}.Debug|Any CPU.ActiveCfg = Debug|Any CPU
		{F4EDD519-7A16-4EE5-9687-0B2C4A4E4674}.Debug|Any CPU.Build.0 = Debug|Any CPU
		{F4EDD519-7A16-4EE5-9687-0B2C4A4E4674}.Release|Any CPU.ActiveCfg = Release|Any CPU
		{F4EDD519-7A16-4EE5-9687-0B2C4A4E4674}.Release|Any CPU.Build.0 = Release|Any CPU
		{84A99056-F8DD-433F-98D8-CEB7A46E6B8E}.Debug|Any CPU.ActiveCfg = Debug|Any CPU
		{84A99056-F8DD-433F-98D8-CEB7A46E6B8E}.Debug|Any CPU.Build.0 = Debug|Any CPU
		{84A99056-F8DD-433F-98D8-CEB7A46E6B8E}.Release|Any CPU.ActiveCfg = Release|Any CPU
		{84A99056-F8DD-433F-98D8-CEB7A46E6B8E}.Release|Any CPU.Build.0 = Release|Any CPU
		{59EDA4E2-7951-46DB-BBFD-19DB5EF94717}.Debug|Any CPU.ActiveCfg = Debug|Any CPU
		{59EDA4E2-7951-46DB-BBFD-19DB5EF94717}.Debug|Any CPU.Build.0 = Debug|Any CPU
		{59EDA4E2-7951-46DB-BBFD-19DB5EF94717}.Release|Any CPU.ActiveCfg = Release|Any CPU
		{59EDA4E2-7951-46DB-BBFD-19DB5EF94717}.Release|Any CPU.Build.0 = Release|Any CPU
		{7EB9E534-A952-45C5-BEE7-F07FFC76A7D6}.Debug|Any CPU.ActiveCfg = Debug|Any CPU
		{7EB9E534-A952-45C5-BEE7-F07FFC76A7D6}.Debug|Any CPU.Build.0 = Debug|Any CPU
		{7EB9E534-A952-45C5-BEE7-F07FFC76A7D6}.Release|Any CPU.ActiveCfg = Release|Any CPU
		{7EB9E534-A952-45C5-BEE7-F07FFC76A7D6}.Release|Any CPU.Build.0 = Release|Any CPU
		{91FB442F-31DF-4776-9359-618A5246DA47}.Debug|Any CPU.ActiveCfg = Debug|Any CPU
		{91FB442F-31DF-4776-9359-618A5246DA47}.Debug|Any CPU.Build.0 = Debug|Any CPU
		{91FB442F-31DF-4776-9359-618A5246DA47}.Release|Any CPU.ActiveCfg = Release|Any CPU
		{91FB442F-31DF-4776-9359-618A5246DA47}.Release|Any CPU.Build.0 = Release|Any CPU
		{D9804698-B051-44D4-B5C6-850AD059CF3B}.Debug|Any CPU.ActiveCfg = Debug|Any CPU
		{D9804698-B051-44D4-B5C6-850AD059CF3B}.Debug|Any CPU.Build.0 = Debug|Any CPU
		{D9804698-B051-44D4-B5C6-850AD059CF3B}.Release|Any CPU.ActiveCfg = Release|Any CPU
		{D9804698-B051-44D4-B5C6-850AD059CF3B}.Release|Any CPU.Build.0 = Release|Any CPU
		{2F289FDD-48EE-47C2-B876-91968BE92755}.Debug|Any CPU.ActiveCfg = Debug|Any CPU
		{2F289FDD-48EE-47C2-B876-91968BE92755}.Debug|Any CPU.Build.0 = Debug|Any CPU
		{2F289FDD-48EE-47C2-B876-91968BE92755}.Release|Any CPU.ActiveCfg = Release|Any CPU
		{2F289FDD-48EE-47C2-B876-91968BE92755}.Release|Any CPU.Build.0 = Release|Any CPU
	EndGlobalSection
EndGlobal
